
Microsoft Visual Studio Solution File, Format Version 12.00
# Visual Studio Express 2013 for Web
VisualStudioVersion = 12.0.21005.1
MinimumVisualStudioVersion = 10.0.40219.1
Project("{FAE04EC0-301F-11D3-BF4B-00C04F79EFBC}") = "ASLRD_r2", "ASLRD_r2\ASLRD_r2.csproj", "{B3D1D476-766E-4797-BE9D-F2EA5DC38FDE}"
EndProject
Global
	GlobalSection(SolutionConfigurationPlatforms) = preSolution
		Debug|Any CPU = Debug|Any CPU
		Release|Any CPU = Release|Any CPU
	EndGlobalSection
	GlobalSection(ProjectConfigurationPlatforms) = postSolution
		{B3D1D476-766E-4797-BE9D-F2EA5DC38FDE}.Debug|Any CPU.ActiveCfg = Debug|Any CPU
		{B3D1D476-766E-4797-BE9D-F2EA5DC38FDE}.Debug|Any CPU.Build.0 = Debug|Any CPU
		{B3D1D476-766E-4797-BE9D-F2EA5DC38FDE}.Release|Any CPU.ActiveCfg = Release|Any CPU
		{B3D1D476-766E-4797-BE9D-F2EA5DC38FDE}.Release|Any CPU.Build.0 = Release|Any CPU
	EndGlobalSection
	GlobalSection(SolutionProperties) = preSolution
		HideSolutionNode = FALSE
	EndGlobalSection
EndGlobal
